
Microsoft Visual Studio Solution File, Format Version 12.00
# Visual Studio Version 17
VisualStudioVersion = 17.9.34728.123
MinimumVisualStudioVersion = 10.0.40219.1
Project("{FAE04EC0-301F-11D3-BF4B-00C04F79EFBC}") = "FOODSERVICEDELIVARY", "FOODSERVICEDELIVARY\FOODSERVICEDELIVARY.csproj", "{74243ADF-C133-4F59-B349-43137E5F2DB6}"
EndProject
Global
	GlobalSection(SolutionConfigurationPlatforms) = preSolution
		Debug|Any CPU = Debug|Any CPU
		Release|Any CPU = Release|Any CPU
	EndGlobalSection
	GlobalSection(ProjectConfigurationPlatforms) = postSolution
		{74243ADF-C133-4F59-B349-43137E5F2DB6}.Debug|Any CPU.ActiveCfg = Debug|Any CPU
		{74243ADF-C133-4F59-B349-43137E5F2DB6}.Debug|Any CPU.Build.0 = Debug|Any CPU
		{74243ADF-C133-4F59-B349-43137E5F2DB6}.Release|Any CPU.ActiveCfg = Release|Any CPU
		{74243ADF-C133-4F59-B349-43137E5F2DB6}.Release|Any CPU.Build.0 = Release|Any CPU
	EndGlobalSection
	GlobalSection(SolutionProperties) = preSolution
		HideSolutionNode = FALSE
	EndGlobalSection
	GlobalSection(ExtensibilityGlobals) = postSolution
		SolutionGuid = {0756864D-AE02-41FC-AF49-5AE34F9C29C2}
	EndGlobalSection
EndGlobal
