
Microsoft Visual Studio Solution File, Format Version 12.00
# Visual Studio Version 17
VisualStudioVersion = 17.5.002.0
MinimumVisualStudioVersion = 10.0.40219.1
Project("{9A19103F-16F7-4668-BE54-9A1E7A4F7556}") = "FOODSERVICEDELIVARY", "FOODSERVICEDELIVARY.csproj", "{531F12C5-2B0B-4B63-9F50-89D404235ED7}"
EndProject
Global
	GlobalSection(SolutionConfigurationPlatforms) = preSolution
		Debug|Any CPU = Debug|Any CPU
		Release|Any CPU = Release|Any CPU
	EndGlobalSection
	GlobalSection(ProjectConfigurationPlatforms) = postSolution
		{531F12C5-2B0B-4B63-9F50-89D404235ED7}.Debug|Any CPU.ActiveCfg = Debug|Any CPU
		{531F12C5-2B0B-4B63-9F50-89D404235ED7}.Debug|Any CPU.Build.0 = Debug|Any CPU
		{531F12C5-2B0B-4B63-9F50-89D404235ED7}.Release|Any CPU.ActiveCfg = Release|Any CPU
		{531F12C5-2B0B-4B63-9F50-89D404235ED7}.Release|Any CPU.Build.0 = Release|Any CPU
	EndGlobalSection
	GlobalSection(SolutionProperties) = preSolution
		HideSolutionNode = FALSE
	EndGlobalSection
	GlobalSection(ExtensibilityGlobals) = postSolution
		SolutionGuid = {3729A511-769B-4641-AFBD-40CA15A749A1}
	EndGlobalSection
EndGlobal
